// !$*UTF8*$!
{
	archiveVersion = 1;
	classes = {
	};
	objectVersion = 50;
	objects = {

/* Begin PBXBuildFile section */
		D063DAEC22F04B92008B656B /* AppDelegate.m in Sources */ = {isa = PBXBuildFile; fileRef = D063DAEB22F04B92008B656B /* AppDelegate.m */; };
		D063DAEF22F04B92008B656B /* ViewController.m in Sources */ = {isa = PBXBuildFile; fileRef = D063DAEE22F04B92008B656B /* ViewController.m */; };
		D063DAF222F04B92008B656B /* Main.storyboard in Resources */ = {isa = PBXBuildFile; fileRef = D063DAF022F04B92008B656B /* Main.storyboard */; };
		D063DAF422F04B94008B656B /* Assets.xcassets in Resources */ = {isa = PBXBuildFile; fileRef = D063DAF322F04B94008B656B /* Assets.xcassets */; };
		D063DAF722F04B94008B656B /* LaunchScreen.storyboard in Resources */ = {isa = PBXBuildFile; fileRef = D063DAF522F04B94008B656B /* LaunchScreen.storyboard */; };
		D063DAFA22F04B94008B656B /* main.m in Sources */ = {isa = PBXBuildFile; fileRef = D063DAF922F04B94008B656B /* main.m */; };
		F6E233B9B1E8C33962585B2F /* Pods_AVFoundationTwo.framework in Frameworks */ = {isa = PBXBuildFile; fileRef = D7C2ADAE3877D6676229FB38 /* Pods_AVFoundationTwo.framework */; };
/* End PBXBuildFile section */

/* Begin PBXFileReference section */
		8BC46C666DAAAC82D0300A40 /* Pods-AVFoundationTwo.debug.xcconfig */ = {isa = PBXFileReference; includeInIndex = 1; lastKnownFileType = text.xcconfig; name = "Pods-AVFoundationTwo.debug.xcconfig"; path = "Pods/Target Support Files/Pods-AVFoundationTwo/Pods-AVFoundationTwo.debug.xcconfig"; sourceTree = "<group>"; };
		B5A938B5ECF124E926058318 /* Pods-AVFoundationTwo.release.xcconfig */ = {isa = PBXFileReference; includeInIndex = 1; lastKnownFileType = text.xcconfig; name = "Pods-AVFoundationTwo.release.xcconfig"; path = "Pods/Target Support Files/Pods-AVFoundationTwo/Pods-AVFoundationTwo.release.xcconfig"; sourceTree = "<group>"; };
		D063DAE722F04B92008B656B /* AVFoundationTwo.app */ = {isa = PBXFileReference; explicitFileType = wrapper.application; includeInIndex = 0; path = AVFoundationTwo.app; sourceTree = BUILT_PRODUCTS_DIR; };
		D063DAEA22F04B92008B656B /* AppDelegate.h */ = {isa = PBXFileReference; lastKnownFileType = sourcecode.c.h; path = AppDelegate.h; sourceTree = "<group>"; };
		D063DAEB22F04B92008B656B /* AppDelegate.m */ = {isa = PBXFileReference; lastKnownFileType = sourcecode.c.objc; path = AppDelegate.m; sourceTree = "<group>"; };
		D063DAED22F04B92008B656B /* ViewController.h */ = {isa = PBXFileReference; lastKnownFileType = sourcecode.c.h; path = ViewController.h; sourceTree = "<group>"; };
		D063DAEE22F04B92008B656B /* ViewController.m */ = {isa = PBXFileReference; lastKnownFileType = sourcecode.c.objc; path = ViewController.m; sourceTree = "<group>"; };
		D063DAF122F04B92008B656B /* Base */ = {isa = PBXFileReference; lastKnownFileType = file.storyboard; name = Base; path = Base.lproj/Main.storyboard; sourceTree = "<group>"; };
		D063DAF322F04B94008B656B /* Assets.xcassets */ = {isa = PBXFileReference; lastKnownFileType = folder.assetcatalog; path = Assets.xcassets; sourceTree = "<group>"; };
		D063DAF622F04B94008B656B /* Base */ = {isa = PBXFileReference; lastKnownFileType = file.storyboard; name = Base; path = Base.lproj/LaunchScreen.storyboard; sourceTree = "<group>"; };
		D063DAF822F04B94008B656B /* Info.plist */ = {isa = PBXFileReference; lastKnownFileType = text.plist.xml; path = Info.plist; sourceTree = "<group>"; };
		D063DAF922F04B94008B656B /* main.m */ = {isa = PBXFileReference; lastKnownFileType = sourcecode.c.objc; path = main.m; sourceTree = "<group>"; };
		D7C2ADAE3877D6676229FB38 /* Pods_AVFoundationTwo.framework */ = {isa = PBXFileReference; explicitFileType = wrapper.framework; includeInIndex = 0; path = Pods_AVFoundationTwo.framework; sourceTree = BUILT_PRODUCTS_DIR; };
/* End PBXFileReference section */

/* Begin PBXFrameworksBuildPhase section */
		D063DAE422F04B92008B656B /* Frameworks */ = {
			isa = PBXFrameworksBuildPhase;
			buildActionMask = 2147483647;
			files = (
				F6E233B9B1E8C33962585B2F /* Pods_AVFoundationTwo.framework in Frameworks */,
			);
			runOnlyForDeploymentPostprocessing = 0;
		};
/* End PBXFrameworksBuildPhase section */

/* Begin PBXGroup section */
		2C62FB530EC51CCA6ABA1BA3 /* Pods */ = {
			isa = PBXGroup;
			children = (
				8BC46C666DAAAC82D0300A40 /* Pods-AVFoundationTwo.debug.xcconfig */,
				B5A938B5ECF124E926058318 /* Pods-AVFoundationTwo.release.xcconfig */,
			);
			name = Pods;
			sourceTree = "<group>";
		};
		D063DADE22F04B92008B656B = {
			isa = PBXGroup;
			children = (
				D063DAE922F04B92008B656B /* AVFoundationTwo */,
				D063DAE822F04B92008B656B /* Products */,
				2C62FB530EC51CCA6ABA1BA3 /* Pods */,
				D5F331B30C7ABED5185042DD /* Frameworks */,
			);
			sourceTree = "<group>";
		};
		D063DAE822F04B92008B656B /* Products */ = {
			isa = PBXGroup;
			children = (
				D063DAE722F04B92008B656B /* AVFoundationTwo.app */,
			);
			name = Products;
			sourceTree = "<group>";
		};
		D063DAE922F04B92008B656B /* AVFoundationTwo */ = {
			isa = PBXGroup;
			children = (
				D063DAEA22F04B92008B656B /* AppDelegate.h */,
				D063DAEB22F04B92008B656B /* AppDelegate.m */,
				D063DAED22F04B92008B656B /* ViewController.h */,
				D063DAEE22F04B92008B656B /* ViewController.m */,
				D063DAF022F04B92008B656B /* Main.storyboard */,
				D063DAF322F04B94008B656B /* Assets.xcassets */,
				D063DAF522F04B94008B656B /* LaunchScreen.storyboard */,
				D063DAF822F04B94008B656B /* Info.plist */,
				D063DAF922F04B94008B656B /* main.m */,
			);
			path = AVFoundationTwo;
			sourceTree = "<group>";
		};
		D5F331B30C7ABED5185042DD /* Frameworks */ = {
			isa = PBXGroup;
			children = (
				D7C2ADAE3877D6676229FB38 /* Pods_AVFoundationTwo.framework */,
			);
			name = Frameworks;
			sourceTree = "<group>";
		};
/* End PBXGroup section */

/* Begin PBXNativeTarget section */
		D063DAE622F04B92008B656B /* AVFoundationTwo */ = {
			isa = PBXNativeTarget;
			buildConfigurationList = D063DAFD22F04B94008B656B /* Build configuration list for PBXNativeTarget "AVFoundationTwo" */;
			buildPhases = (
				700C8C2F219176B18A6C9679 /* [CP] Check Pods Manifest.lock */,
				D063DAE322F04B92008B656B /* Sources */,
				D063DAE422F04B92008B656B /* Frameworks */,
				D063DAE522F04B92008B656B /* Resources */,
				6CB821F9FD91FD13263EEF68 /* [CP] Embed Pods Frameworks */,
			);
			buildRules = (
			);
			dependencies = (
			);
			name = AVFoundationTwo;
			productName = AVFoundationTwo;
			productReference = D063DAE722F04B92008B656B /* AVFoundationTwo.app */;
			productType = "com.apple.product-type.application";
		};
/* End PBXNativeTarget section */

/* Begin PBXProject section */
		D063DADF22F04B92008B656B /* Project object */ = {
			isa = PBXProject;
			attributes = {
				LastUpgradeCheck = 1030;
				ORGANIZATIONNAME = onesmart;
				TargetAttributes = {
					D063DAE622F04B92008B656B = {
						CreatedOnToolsVersion = 10.3;
					};
				};
			};
			buildConfigurationList = D063DAE222F04B92008B656B /* Build configuration list for PBXProject "AVFoundationTwo" */;
			compatibilityVersion = "Xcode 9.3";
			developmentRegion = en;
			hasScannedForEncodings = 0;
			knownRegions = (
				en,
				Base,
			);
			mainGroup = D063DADE22F04B92008B656B;
			productRefGroup = D063DAE822F04B92008B656B /* Products */;
			projectDirPath = "";
			projectRoot = "";
			targets = (
				D063DAE622F04B92008B656B /* AVFoundationTwo */,
			);
		};
/* End PBXProject section */

/* Begin PBXResourcesBuildPhase section */
		D063DAE522F04B92008B656B /* Resources */ = {
			isa = PBXResourcesBuildPhase;
			buildActionMask = 2147483647;
			files = (
				D063DAF722F04B94008B656B /* LaunchScreen.storyboard in Resources */,
				D063DAF422F04B94008B656B /* Assets.xcassets in Resources */,
				D063DAF222F04B92008B656B /* Main.storyboard in Resources */,
			);
			runOnlyForDeploymentPostprocessing = 0;
		};
/* End PBXResourcesBuildPhase section */

/* Begin PBXShellScriptBuildPhase section */
		6CB821F9FD91FD13263EEF68 /* [CP] Embed Pods Frameworks */ = {
			isa = PBXShellScriptBuildPhase;
			buildActionMask = 2147483647;
			files = (
			);
			inputFileListPaths = (
			);
			inputPaths = (
				"${SRCROOT}/Pods/Target Support Files/Pods-AVFoundationTwo/Pods-AVFoundationTwo-frameworks.sh",
				"${BUILT_PRODUCTS_DIR}/AFNetworking/AFNetworking.framework",
				"${BUILT_PRODUCTS_DIR}/MBProgressHUD/MBProgressHUD.framework",
				"${BUILT_PRODUCTS_DIR}/MJRefresh/MJRefresh.framework",
				"${BUILT_PRODUCTS_DIR}/Masonry/Masonry.framework",
				"${BUILT_PRODUCTS_DIR}/SDWebImage/SDWebImage.framework",
				"${BUILT_PRODUCTS_DIR}/TYPagerController/TYPagerController.framework",
				"${BUILT_PRODUCTS_DIR}/YYModel/YYModel.framework",
			);
			name = "[CP] Embed Pods Frameworks";
			outputFileListPaths = (
			);
			outputPaths = (
				"${TARGET_BUILD_DIR}/${FRAMEWORKS_FOLDER_PATH}/AFNetworking.framework",
				"${TARGET_BUILD_DIR}/${FRAMEWORKS_FOLDER_PATH}/MBProgressHUD.framework",
				"${TARGET_BUILD_DIR}/${FRAMEWORKS_FOLDER_PATH}/MJRefresh.framework",
				"${TARGET_BUILD_DIR}/${FRAMEWORKS_FOLDER_PATH}/Masonry.framework",
				"${TARGET_BUILD_DIR}/${FRAMEWORKS_FOLDER_PATH}/SDWebImage.framework",
				"${TARGET_BUILD_DIR}/${FRAMEWORKS_FOLDER_PATH}/TYPagerController.framework",
				"${TARGET_BUILD_DIR}/${FRAMEWORKS_FOLDER_PATH}/YYModel.framework",
			);
			runOnlyForDeploymentPostprocessing = 0;
			shellPath = /bin/sh;
			shellScript = "\"${SRCROOT}/Pods/Target Support Files/Pods-AVFoundationTwo/Pods-AVFoundationTwo-frameworks.sh\"\n";
			showEnvVarsInLog = 0;
		};
		700C8C2F219176B18A6C9679 /* [CP] Check Pods Manifest.lock */ = {
			isa = PBXShellScriptBuildPhase;
			buildActionMask = 2147483647;
			files = (
			);
			inputFileListPaths = (
			);
			inputPaths = (
				"${PODS_PODFILE_DIR_PATH}/Podfile.lock",
				"${PODS_ROOT}/Manifest.lock",
			);
			name = "[CP] Check Pods Manifest.lock";
			outputFileListPaths = (
			);
			outputPaths = (
				"$(DERIVED_FILE_DIR)/Pods-AVFoundationTwo-checkManifestLockResult.txt",
			);
			runOnlyForDeploymentPostprocessing = 0;
			shellPath = /bin/sh;
			shellScript = "diff \"${PODS_PODFILE_DIR_PATH}/Podfile.lock\" \"${PODS_ROOT}/Manifest.lock\" > /dev/null\nif [ $? != 0 ] ; then\n    # print error to STDERR\n    echo \"error: The sandbox is not in sync with the Podfile.lock. Run 'pod install' or update your CocoaPods installation.\" >&2\n    exit 1\nfi\n# This output is used by Xcode 'outputs' to avoid re-running this script phase.\necho \"SUCCESS\" > \"${SCRIPT_OUTPUT_FILE_0}\"\n";
			showEnvVarsInLog = 0;
		};
/* End PBXShellScriptBuildPhase section */

/* Begin PBXSourcesBuildPhase section */
		D063DAE322F04B92008B656B /* Sources */ = {
			isa = PBXSourcesBuildPhase;
			buildActionMask = 2147483647;
			files = (
				D063DAEF22F04B92008B656B /* ViewController.m in Sources */,
				D063DAFA22F04B94008B656B /* main.m in Sources */,
				D063DAEC22F04B92008B656B /* AppDelegate.m in Sources */,
			);
			runOnlyForDeploymentPostprocessing = 0;
		};
/* End PBXSourcesBuildPhase section */

/* Begin PBXVariantGroup section */
		D063DAF022F04B92008B656B /* Main.storyboard */ = {
			isa = PBXVariantGroup;
			children = (
				D063DAF122F04B92008B656B /* Base */,
			);
			name = Main.storyboard;
			sourceTree = "<group>";
		};
		D063DAF522F04B94008B656B /* LaunchScreen.storyboard */ = {
			isa = PBXVariantGroup;
			children = (
				D063DAF622F04B94008B656B /* Base */,
			);
			name = LaunchScreen.storyboard;
			sourceTree = "<group>";
		};
/* End PBXVariantGroup section */

/* Begin XCBuildConfiguration section */
		D063DAFB22F04B94008B656B /* Debug */ = {
			isa = XCBuildConfiguration;
			buildSettings = {
				ALWAYS_SEARCH_USER_PATHS = NO;
				CLANG_ANALYZER_NONNULL = YES;
				CLANG_ANALYZER_NUMBER_OBJECT_CONVERSION = YES_AGGRESSIVE;
				CLANG_CXX_LANGUAGE_STANDARD = "gnu++14";
				CLANG_CXX_LIBRARY = "libc++";
				CLANG_ENABLE_MODULES = YES;
				CLANG_ENABLE_OBJC_ARC = YES;
				CLANG_ENABLE_OBJC_WEAK = YES;
				CLANG_WARN_BLOCK_CAPTURE_AUTORELEASING = YES;
				CLANG_WARN_BOOL_CONVERSION = YES;
				CLANG_WARN_COMMA = YES;
				CLANG_WARN_CONSTANT_CONVERSION = YES;
				CLANG_WARN_DEPRECATED_OBJC_IMPLEMENTATIONS = YES;
				CLANG_WARN_DIRECT_OBJC_ISA_USAGE = YES_ERROR;
				CLANG_WARN_DOCUMENTATION_COMMENTS = YES;
				CLANG_WARN_EMPTY_BODY = YES;
				CLANG_WARN_ENUM_CONVERSION = YES;
				CLANG_WARN_INFINITE_RECURSION = YES;
				CLANG_WARN_INT_CONVERSION = YES;
				CLANG_WARN_NON_LITERAL_NULL_CONVERSION = YES;
				CLANG_WARN_OBJC_IMPLICIT_RETAIN_SELF = YES;
				CLANG_WARN_OBJC_LITERAL_CONVERSION = YES;
				CLANG_WARN_OBJC_ROOT_CLASS = YES_ERROR;
				CLANG_WARN_RANGE_LOOP_ANALYSIS = YES;
				CLANG_WARN_STRICT_PROTOTYPES = YES;
				CLANG_WARN_SUSPICIOUS_MOVE = YES;
				CLANG_WARN_UNGUARDED_AVAILABILITY = YES_AGGRESSIVE;
				CLANG_WARN_UNREACHABLE_CODE = YES;
				CLANG_WARN__DUPLICATE_METHOD_MATCH = YES;
				CODE_SIGN_IDENTITY = "iPhone Developer";
				COPY_PHASE_STRIP = NO;
				DEBUG_INFORMATION_FORMAT = dwarf;
				ENABLE_STRICT_OBJC_MSGSEND = YES;
				ENABLE_TESTABILITY = YES;
				GCC_C_LANGUAGE_STANDARD = gnu11;
				GCC_DYNAMIC_NO_PIC = NO;
				GCC_NO_COMMON_BLOCKS = YES;
				GCC_OPTIMIZATION_LEVEL = 0;
				GCC_PREPROCESSOR_DEFINITIONS = (
					"DEBUG=1",
					"$(inherited)",
				);
				GCC_WARN_64_TO_32_BIT_CONVERSION = YES;
				GCC_WARN_ABOUT_RETURN_TYPE = YES_ERROR;
				GCC_WARN_UNDECLARED_SELECTOR = YES;
				GCC_WARN_UNINITIALIZED_AUTOS = YES_AGGRESSIVE;
				GCC_WARN_UNUSED_FUNCTION = YES;
				GCC_WARN_UNUSED_VARIABLE = YES;
				IPHONEOS_DEPLOYMENT_TARGET = 12.4;
				MTL_ENABLE_DEBUG_INFO = INCLUDE_SOURCE;
				MTL_FAST_MATH = YES;
				ONLY_ACTIVE_ARCH = YES;
				SDKROOT = iphoneos;
			};
			name = Debug;
		};
		D063DAFC22F04B94008B656B /* Release */ = {
			isa = XCBuildConfiguration;
			buildSettings = {
				ALWAYS_SEARCH_USER_PATHS = NO;
				CLANG_ANALYZER_NONNULL = YES;
				CLANG_ANALYZER_NUMBER_OBJECT_CONVERSION = YES_AGGRESSIVE;
				CLANG_CXX_LANGUAGE_STANDARD = "gnu++14";
				CLANG_CXX_LIBRARY = "libc++";
				CLANG_ENABLE_MODULES = YES;
				CLANG_ENABLE_OBJC_ARC = YES;
				CLANG_ENABLE_OBJC_WEAK = YES;
				CLANG_WARN_BLOCK_CAPTURE_AUTORELEASING = YES;
				CLANG_WARN_BOOL_CONVERSION = YES;
				CLANG_WARN_COMMA = YES;
				CLANG_WARN_CONSTANT_CONVERSION = YES;
				CLANG_WARN_DEPRECATED_OBJC_IMPLEMENTATIONS = YES;
				CLANG_WARN_DIRECT_OBJC_ISA_USAGE = YES_ERROR;
				CLANG_WARN_DOCUMENTATION_COMMENTS = YES;
				CLANG_WARN_EMPTY_BODY = YES;
				CLANG_WARN_ENUM_CONVERSION = YES;
				CLANG_WARN_INFINITE_RECURSION = YES;
				CLANG_WARN_INT_CONVERSION = YES;
				CLANG_WARN_NON_LITERAL_NULL_CONVERSION = YES;
				CLANG_WARN_OBJC_IMPLICIT_RETAIN_SELF = YES;
				CLANG_WARN_OBJC_LITERAL_CONVERSION = YES;
				CLANG_WARN_OBJC_ROOT_CLASS = YES_ERROR;
				CLANG_WARN_RANGE_LOOP_ANALYSIS = YES;
				CLANG_WARN_STRICT_PROTOTYPES = YES;
				CLANG_WARN_SUSPICIOUS_MOVE = YES;
				CLANG_WARN_UNGUARDED_AVAILABILITY = YES_AGGRESSIVE;
				CLANG_WARN_UNREACHABLE_CODE = YES;
				CLANG_WARN__DUPLICATE_METHOD_MATCH = YES;
				CODE_SIGN_IDENTITY = "iPhone Developer";
				COPY_PHASE_STRIP = NO;
				DEBUG_INFORMATION_FORMAT = "dwarf-with-dsym";
				ENABLE_NS_ASSERTIONS = NO;
				ENABLE_STRICT_OBJC_MSGSEND = YES;
				GCC_C_LANGUAGE_STANDARD = gnu11;
				GCC_NO_COMMON_BLOCKS = YES;
				GCC_WARN_64_TO_32_BIT_CONVERSION = YES;
				GCC_WARN_ABOUT_RETURN_TYPE = YES_ERROR;
				GCC_WARN_UNDECLARED_SELECTOR = YES;
				GCC_WARN_UNINITIALIZED_AUTOS = YES_AGGRESSIVE;
				GCC_WARN_UNUSED_FUNCTION = YES;
				GCC_WARN_UNUSED_VARIABLE = YES;
				IPHONEOS_DEPLOYMENT_TARGET = 12.4;
				MTL_ENABLE_DEBUG_INFO = NO;
				MTL_FAST_MATH = YES;
				SDKROOT = iphoneos;
				VALIDATE_PRODUCT = YES;
			};
			name = Release;
		};
		D063DAFE22F04B94008B656B /* Debug */ = {
			isa = XCBuildConfiguration;
			baseConfigurationReference = 8BC46C666DAAAC82D0300A40 /* Pods-AVFoundationTwo.debug.xcconfig */;
			buildSettings = {
				ASSETCATALOG_COMPILER_APPICON_NAME = AppIcon;
				CODE_SIGN_STYLE = Automatic;
				DEVELOPMENT_TEAM = V49A63JU48;
				INFOPLIST_FILE = AVFoundationTwo/Info.plist;
				IPHONEOS_DEPLOYMENT_TARGET = 9.2;
				LD_RUNPATH_SEARCH_PATHS = (
					"$(inherited)",
					"@executable_path/Frameworks",
				);
				PRODUCT_BUNDLE_IDENTIFIER = org.onesmart.AVFoundationTwo;
				PRODUCT_NAME = "$(TARGET_NAME)";
				TARGETED_DEVICE_FAMILY = "1,2";
			};
			name = Debug;
		};
		D063DAFF22F04B94008B656B /* Release */ = {
			isa = XCBuildConfiguration;
			baseConfigurationReference = B5A938B5ECF124E926058318 /* Pods-AVFoundationTwo.release.xcconfig */;
			buildSettings = {
				ASSETCATALOG_COMPILER_APPICON_NAME = AppIcon;
				CODE_SIGN_STYLE = Automatic;
				DEVELOPMENT_TEAM = V49A63JU48;
				INFOPLIST_FILE = AVFoundationTwo/Info.plist;
				IPHONEOS_DEPLOYMENT_TARGET = 9.2;
				LD_RUNPATH_SEARCH_PATHS = (
					"$(inherited)",
					"@executable_path/Frameworks",
				);
				PRODUCT_BUNDLE_IDENTIFIER = org.onesmart.AVFoundationTwo;
				PRODUCT_NAME = "$(TARGET_NAME)";
				TARGETED_DEVICE_FAMILY = "1,2";
			};
			name = Release;
		};
/* End XCBuildConfiguration section */

/* Begin XCConfigurationList section */
		D063DAE222F04B92008B656B /* Build configuration list for PBXProject "AVFoundationTwo" */ = {
			isa = XCConfigurationList;
			buildConfigurations = (
				D063DAFB22F04B94008B656B /* Debug */,
				D063DAFC22F04B94008B656B /* Release */,
			);
			defaultConfigurationIsVisible = 0;
			defaultConfigurationName = Release;
		};
		D063DAFD22F04B94008B656B /* Build configuration list for PBXNativeTarget "AVFoundationTwo" */ = {
			isa = XCConfigurationList;
			buildConfigurations = (
				D063DAFE22F04B94008B656B /* Debug */,
				D063DAFF22F04B94008B656B /* Release */,
			);
			defaultConfigurationIsVisible = 0;
			defaultConfigurationName = Release;
		};
/* End XCConfigurationList section */
	};
	rootObject = D063DADF22F04B92008B656B /* Project object */;
}
