// !$*UTF8*$!
{
	archiveVersion = 1;
	classes = {
	};
	objectVersion = 50;
	objects = {

/* Begin PBXBuildFile section */
		1F49B01FDEB550DBBF7AAA79 /* Pods_RACObjC.framework in Frameworks */ = {isa = PBXBuildFile; fileRef = 23897A31607159479063A6BC /* Pods_RACObjC.framework */; };
		D02F7DA322DC5890004FE15E /* AppDelegate.m in Sources */ = {isa = PBXBuildFile; fileRef = D02F7DA222DC5890004FE15E /* AppDelegate.m */; };
		D02F7DA622DC5890004FE15E /* ViewController.m in Sources */ = {isa = PBXBuildFile; fileRef = D02F7DA522DC5890004FE15E /* ViewController.m */; };
		D02F7DA922DC5890004FE15E /* Main.storyboard in Resources */ = {isa = PBXBuildFile; fileRef = D02F7DA722DC5890004FE15E /* Main.storyboard */; };
		D02F7DAB22DC5892004FE15E /* Assets.xcassets in Resources */ = {isa = PBXBuildFile; fileRef = D02F7DAA22DC5892004FE15E /* Assets.xcassets */; };
		D02F7DAE22DC5892004FE15E /* LaunchScreen.storyboard in Resources */ = {isa = PBXBuildFile; fileRef = D02F7DAC22DC5892004FE15E /* LaunchScreen.storyboard */; };
		D02F7DB122DC5892004FE15E /* main.m in Sources */ = {isa = PBXBuildFile; fileRef = D02F7DB022DC5892004FE15E /* main.m */; };
		D02F7DBA22DDB857004FE15E /* LoginViewController.m in Sources */ = {isa = PBXBuildFile; fileRef = D02F7DB822DDB857004FE15E /* LoginViewController.m */; };
		D02F7DBB22DDB857004FE15E /* LoginViewController.xib in Resources */ = {isa = PBXBuildFile; fileRef = D02F7DB922DDB857004FE15E /* LoginViewController.xib */; };
		D02F7DBF22DDFF52004FE15E /* RGBViewController.m in Sources */ = {isa = PBXBuildFile; fileRef = D02F7DBD22DDFF52004FE15E /* RGBViewController.m */; };
		D02F7DC022DDFF52004FE15E /* RGBViewController.xib in Resources */ = {isa = PBXBuildFile; fileRef = D02F7DBE22DDFF52004FE15E /* RGBViewController.xib */; };
		D02F7DC422DF5C45004FE15E /* RequestViewController.m in Sources */ = {isa = PBXBuildFile; fileRef = D02F7DC222DF5C45004FE15E /* RequestViewController.m */; };
		D02F7DC522DF5C45004FE15E /* RequestViewController.xib in Resources */ = {isa = PBXBuildFile; fileRef = D02F7DC322DF5C45004FE15E /* RequestViewController.xib */; };
		D02F7DC922E06A8F004FE15E /* DelegateViewController.m in Sources */ = {isa = PBXBuildFile; fileRef = D02F7DC722E06A8F004FE15E /* DelegateViewController.m */; };
		D02F7DCA22E06A8F004FE15E /* DelegateViewController.xib in Resources */ = {isa = PBXBuildFile; fileRef = D02F7DC822E06A8F004FE15E /* DelegateViewController.xib */; };
		D02F7DCD22E06B04004FE15E /* ContentView.m in Sources */ = {isa = PBXBuildFile; fileRef = D02F7DCC22E06B04004FE15E /* ContentView.m */; };
		D02F7DD022E2B2D5004FE15E /* MainClassViewController.m in Sources */ = {isa = PBXBuildFile; fileRef = D02F7DCF22E2B2D5004FE15E /* MainClassViewController.m */; };
		D02F7DD222E2B35E004FE15E /* MainClassViewController.xib in Resources */ = {isa = PBXBuildFile; fileRef = D02F7DD122E2B35E004FE15E /* MainClassViewController.xib */; };
		D033A14622E6A6CD00533D95 /* SeasonViewController.xib in Resources */ = {isa = PBXBuildFile; fileRef = D033A14522E6A6CD00533D95 /* SeasonViewController.xib */; };
		D035EFF822E69048006984F4 /* DataModel.m in Sources */ = {isa = PBXBuildFile; fileRef = D035EFF722E69048006984F4 /* DataModel.m */; };
		D035EFFB22E6905F006984F4 /* ViewModel.m in Sources */ = {isa = PBXBuildFile; fileRef = D035EFFA22E6905F006984F4 /* ViewModel.m */; };
		D035EFFF22E691B9006984F4 /* SeasonViewController.m in Sources */ = {isa = PBXBuildFile; fileRef = D035EFFD22E691B9006984F4 /* SeasonViewController.m */; };
/* End PBXBuildFile section */

/* Begin PBXFileReference section */
		23897A31607159479063A6BC /* Pods_RACObjC.framework */ = {isa = PBXFileReference; explicitFileType = wrapper.framework; includeInIndex = 0; path = Pods_RACObjC.framework; sourceTree = BUILT_PRODUCTS_DIR; };
		62411F5562654611B175B258 /* Pods-RACObjC.debug.xcconfig */ = {isa = PBXFileReference; includeInIndex = 1; lastKnownFileType = text.xcconfig; name = "Pods-RACObjC.debug.xcconfig"; path = "Target Support Files/Pods-RACObjC/Pods-RACObjC.debug.xcconfig"; sourceTree = "<group>"; };
		D02F7D9E22DC5890004FE15E /* RACObjC.app */ = {isa = PBXFileReference; explicitFileType = wrapper.application; includeInIndex = 0; path = RACObjC.app; sourceTree = BUILT_PRODUCTS_DIR; };
		D02F7DA122DC5890004FE15E /* AppDelegate.h */ = {isa = PBXFileReference; lastKnownFileType = sourcecode.c.h; path = AppDelegate.h; sourceTree = "<group>"; };
		D02F7DA222DC5890004FE15E /* AppDelegate.m */ = {isa = PBXFileReference; lastKnownFileType = sourcecode.c.objc; path = AppDelegate.m; sourceTree = "<group>"; };
		D02F7DA422DC5890004FE15E /* ViewController.h */ = {isa = PBXFileReference; lastKnownFileType = sourcecode.c.h; path = ViewController.h; sourceTree = "<group>"; };
		D02F7DA522DC5890004FE15E /* ViewController.m */ = {isa = PBXFileReference; lastKnownFileType = sourcecode.c.objc; path = ViewController.m; sourceTree = "<group>"; };
		D02F7DA822DC5890004FE15E /* Base */ = {isa = PBXFileReference; lastKnownFileType = file.storyboard; name = Base; path = Base.lproj/Main.storyboard; sourceTree = "<group>"; };
		D02F7DAA22DC5892004FE15E /* Assets.xcassets */ = {isa = PBXFileReference; lastKnownFileType = folder.assetcatalog; path = Assets.xcassets; sourceTree = "<group>"; };
		D02F7DAD22DC5892004FE15E /* Base */ = {isa = PBXFileReference; lastKnownFileType = file.storyboard; name = Base; path = Base.lproj/LaunchScreen.storyboard; sourceTree = "<group>"; };
		D02F7DAF22DC5892004FE15E /* Info.plist */ = {isa = PBXFileReference; lastKnownFileType = text.plist.xml; path = Info.plist; sourceTree = "<group>"; };
		D02F7DB022DC5892004FE15E /* main.m */ = {isa = PBXFileReference; lastKnownFileType = sourcecode.c.objc; path = main.m; sourceTree = "<group>"; };
		D02F7DB722DDB857004FE15E /* LoginViewController.h */ = {isa = PBXFileReference; lastKnownFileType = sourcecode.c.h; path = LoginViewController.h; sourceTree = "<group>"; };
		D02F7DB822DDB857004FE15E /* LoginViewController.m */ = {isa = PBXFileReference; lastKnownFileType = sourcecode.c.objc; path = LoginViewController.m; sourceTree = "<group>"; };
		D02F7DB922DDB857004FE15E /* LoginViewController.xib */ = {isa = PBXFileReference; lastKnownFileType = file.xib; path = LoginViewController.xib; sourceTree = "<group>"; };
		D02F7DBC22DDFF52004FE15E /* RGBViewController.h */ = {isa = PBXFileReference; lastKnownFileType = sourcecode.c.h; path = RGBViewController.h; sourceTree = "<group>"; };
		D02F7DBD22DDFF52004FE15E /* RGBViewController.m */ = {isa = PBXFileReference; lastKnownFileType = sourcecode.c.objc; path = RGBViewController.m; sourceTree = "<group>"; };
		D02F7DBE22DDFF52004FE15E /* RGBViewController.xib */ = {isa = PBXFileReference; lastKnownFileType = file.xib; path = RGBViewController.xib; sourceTree = "<group>"; };
		D02F7DC122DF5C45004FE15E /* RequestViewController.h */ = {isa = PBXFileReference; lastKnownFileType = sourcecode.c.h; path = RequestViewController.h; sourceTree = "<group>"; };
		D02F7DC222DF5C45004FE15E /* RequestViewController.m */ = {isa = PBXFileReference; lastKnownFileType = sourcecode.c.objc; path = RequestViewController.m; sourceTree = "<group>"; };
		D02F7DC322DF5C45004FE15E /* RequestViewController.xib */ = {isa = PBXFileReference; lastKnownFileType = file.xib; path = RequestViewController.xib; sourceTree = "<group>"; };
		D02F7DC622E06A8F004FE15E /* DelegateViewController.h */ = {isa = PBXFileReference; lastKnownFileType = sourcecode.c.h; path = DelegateViewController.h; sourceTree = "<group>"; };
		D02F7DC722E06A8F004FE15E /* DelegateViewController.m */ = {isa = PBXFileReference; lastKnownFileType = sourcecode.c.objc; path = DelegateViewController.m; sourceTree = "<group>"; };
		D02F7DC822E06A8F004FE15E /* DelegateViewController.xib */ = {isa = PBXFileReference; lastKnownFileType = file.xib; path = DelegateViewController.xib; sourceTree = "<group>"; };
		D02F7DCB22E06B04004FE15E /* ContentView.h */ = {isa = PBXFileReference; lastKnownFileType = sourcecode.c.h; path = ContentView.h; sourceTree = "<group>"; };
		D02F7DCC22E06B04004FE15E /* ContentView.m */ = {isa = PBXFileReference; lastKnownFileType = sourcecode.c.objc; path = ContentView.m; sourceTree = "<group>"; };
		D02F7DCE22E2B2D5004FE15E /* MainClassViewController.h */ = {isa = PBXFileReference; lastKnownFileType = sourcecode.c.h; path = MainClassViewController.h; sourceTree = "<group>"; };
		D02F7DCF22E2B2D5004FE15E /* MainClassViewController.m */ = {isa = PBXFileReference; lastKnownFileType = sourcecode.c.objc; path = MainClassViewController.m; sourceTree = "<group>"; };
		D02F7DD122E2B35E004FE15E /* MainClassViewController.xib */ = {isa = PBXFileReference; lastKnownFileType = file.xib; path = MainClassViewController.xib; sourceTree = "<group>"; };
		D033A14522E6A6CD00533D95 /* SeasonViewController.xib */ = {isa = PBXFileReference; lastKnownFileType = file.xib; path = SeasonViewController.xib; sourceTree = "<group>"; };
		D035EFF622E69048006984F4 /* DataModel.h */ = {isa = PBXFileReference; lastKnownFileType = sourcecode.c.h; path = DataModel.h; sourceTree = "<group>"; };
		D035EFF722E69048006984F4 /* DataModel.m */ = {isa = PBXFileReference; lastKnownFileType = sourcecode.c.objc; path = DataModel.m; sourceTree = "<group>"; };
		D035EFF922E6905F006984F4 /* ViewModel.h */ = {isa = PBXFileReference; lastKnownFileType = sourcecode.c.h; path = ViewModel.h; sourceTree = "<group>"; };
		D035EFFA22E6905F006984F4 /* ViewModel.m */ = {isa = PBXFileReference; lastKnownFileType = sourcecode.c.objc; path = ViewModel.m; sourceTree = "<group>"; };
		D035EFFC22E691B9006984F4 /* SeasonViewController.h */ = {isa = PBXFileReference; lastKnownFileType = sourcecode.c.h; path = SeasonViewController.h; sourceTree = "<group>"; };
		D035EFFD22E691B9006984F4 /* SeasonViewController.m */ = {isa = PBXFileReference; lastKnownFileType = sourcecode.c.objc; path = SeasonViewController.m; sourceTree = "<group>"; };
		F9D6E75850D9651DDF676EAE /* Pods-RACObjC.release.xcconfig */ = {isa = PBXFileReference; includeInIndex = 1; lastKnownFileType = text.xcconfig; name = "Pods-RACObjC.release.xcconfig"; path = "Target Support Files/Pods-RACObjC/Pods-RACObjC.release.xcconfig"; sourceTree = "<group>"; };
/* End PBXFileReference section */

/* Begin PBXFrameworksBuildPhase section */
		D02F7D9B22DC5890004FE15E /* Frameworks */ = {
			isa = PBXFrameworksBuildPhase;
			buildActionMask = 2147483647;
			files = (
				1F49B01FDEB550DBBF7AAA79 /* Pods_RACObjC.framework in Frameworks */,
			);
			runOnlyForDeploymentPostprocessing = 0;
		};
/* End PBXFrameworksBuildPhase section */

/* Begin PBXGroup section */
		29DB97205AF50AB213595D93 /* Frameworks */ = {
			isa = PBXGroup;
			children = (
				23897A31607159479063A6BC /* Pods_RACObjC.framework */,
			);
			name = Frameworks;
			sourceTree = "<group>";
		};
		D02F7D9522DC5890004FE15E = {
			isa = PBXGroup;
			children = (
				D02F7DA022DC5890004FE15E /* RACObjC */,
				D02F7D9F22DC5890004FE15E /* Products */,
				EAA27B7F0CB84D07BD96BFD7 /* Pods */,
				29DB97205AF50AB213595D93 /* Frameworks */,
			);
			sourceTree = "<group>";
		};
		D02F7D9F22DC5890004FE15E /* Products */ = {
			isa = PBXGroup;
			children = (
				D02F7D9E22DC5890004FE15E /* RACObjC.app */,
			);
			name = Products;
			sourceTree = "<group>";
		};
		D02F7DA022DC5890004FE15E /* RACObjC */ = {
			isa = PBXGroup;
			children = (
				D035EFF122E68E3C006984F4 /* FirstMVVM */,
				D02F7DA122DC5890004FE15E /* AppDelegate.h */,
				D02F7DA222DC5890004FE15E /* AppDelegate.m */,
				D02F7DA422DC5890004FE15E /* ViewController.h */,
				D02F7DA522DC5890004FE15E /* ViewController.m */,
				D02F7DA722DC5890004FE15E /* Main.storyboard */,
				D02F7DAA22DC5892004FE15E /* Assets.xcassets */,
				D02F7DAC22DC5892004FE15E /* LaunchScreen.storyboard */,
				D02F7DAF22DC5892004FE15E /* Info.plist */,
				D02F7DB022DC5892004FE15E /* main.m */,
				D02F7DB722DDB857004FE15E /* LoginViewController.h */,
				D02F7DB822DDB857004FE15E /* LoginViewController.m */,
				D02F7DB922DDB857004FE15E /* LoginViewController.xib */,
				D02F7DBC22DDFF52004FE15E /* RGBViewController.h */,
				D02F7DBD22DDFF52004FE15E /* RGBViewController.m */,
				D02F7DBE22DDFF52004FE15E /* RGBViewController.xib */,
				D02F7DC122DF5C45004FE15E /* RequestViewController.h */,
				D02F7DC222DF5C45004FE15E /* RequestViewController.m */,
				D02F7DC322DF5C45004FE15E /* RequestViewController.xib */,
				D02F7DC622E06A8F004FE15E /* DelegateViewController.h */,
				D02F7DC722E06A8F004FE15E /* DelegateViewController.m */,
				D02F7DC822E06A8F004FE15E /* DelegateViewController.xib */,
				D02F7DCB22E06B04004FE15E /* ContentView.h */,
				D02F7DCC22E06B04004FE15E /* ContentView.m */,
				D02F7DCE22E2B2D5004FE15E /* MainClassViewController.h */,
				D02F7DCF22E2B2D5004FE15E /* MainClassViewController.m */,
				D02F7DD122E2B35E004FE15E /* MainClassViewController.xib */,
			);
			path = RACObjC;
			sourceTree = "<group>";
		};
		D035EFF122E68E3C006984F4 /* FirstMVVM */ = {
			isa = PBXGroup;
			children = (
				D035EFF422E68F86006984F4 /* DataModel */,
				D035EFF522E68F8F006984F4 /* ViewModel */,
				D035EFF322E68F7F006984F4 /* View */,
				D035EFF222E68F69006984F4 /* Controller */,
			);
			path = FirstMVVM;
			sourceTree = "<group>";
		};
		D035EFF222E68F69006984F4 /* Controller */ = {
			isa = PBXGroup;
			children = (
				D035EFFC22E691B9006984F4 /* SeasonViewController.h */,
				D035EFFD22E691B9006984F4 /* SeasonViewController.m */,
				D033A14522E6A6CD00533D95 /* SeasonViewController.xib */,
			);
			path = Controller;
			sourceTree = "<group>";
		};
		D035EFF322E68F7F006984F4 /* View */ = {
			isa = PBXGroup;
			children = (
			);
			path = View;
			sourceTree = "<group>";
		};
		D035EFF422E68F86006984F4 /* DataModel */ = {
			isa = PBXGroup;
			children = (
				D035EFF622E69048006984F4 /* DataModel.h */,
				D035EFF722E69048006984F4 /* DataModel.m */,
			);
			path = DataModel;
			sourceTree = "<group>";
		};
		D035EFF522E68F8F006984F4 /* ViewModel */ = {
			isa = PBXGroup;
			children = (
				D035EFF922E6905F006984F4 /* ViewModel.h */,
				D035EFFA22E6905F006984F4 /* ViewModel.m */,
			);
			path = ViewModel;
			sourceTree = "<group>";
		};
		EAA27B7F0CB84D07BD96BFD7 /* Pods */ = {
			isa = PBXGroup;
			children = (
				62411F5562654611B175B258 /* Pods-RACObjC.debug.xcconfig */,
				F9D6E75850D9651DDF676EAE /* Pods-RACObjC.release.xcconfig */,
			);
			path = Pods;
			sourceTree = "<group>";
		};
/* End PBXGroup section */

/* Begin PBXNativeTarget section */
		D02F7D9D22DC5890004FE15E /* RACObjC */ = {
			isa = PBXNativeTarget;
			buildConfigurationList = D02F7DB422DC5892004FE15E /* Build configuration list for PBXNativeTarget "RACObjC" */;
			buildPhases = (
				0B70C087000E067A501EE9B4 /* [CP] Check Pods Manifest.lock */,
				D02F7D9A22DC5890004FE15E /* Sources */,
				D02F7D9B22DC5890004FE15E /* Frameworks */,
				D02F7D9C22DC5890004FE15E /* Resources */,
				0DE775685EED9F9B26A9B677 /* [CP] Embed Pods Frameworks */,
			);
			buildRules = (
			);
			dependencies = (
			);
			name = RACObjC;
			productName = RACObjC;
			productReference = D02F7D9E22DC5890004FE15E /* RACObjC.app */;
			productType = "com.apple.product-type.application";
		};
/* End PBXNativeTarget section */

/* Begin PBXProject section */
		D02F7D9622DC5890004FE15E /* Project object */ = {
			isa = PBXProject;
			attributes = {
				LastUpgradeCheck = 1020;
				ORGANIZATIONNAME = qianli;
				TargetAttributes = {
					D02F7D9D22DC5890004FE15E = {
						CreatedOnToolsVersion = 10.2.1;
					};
				};
			};
			buildConfigurationList = D02F7D9922DC5890004FE15E /* Build configuration list for PBXProject "RACObjC" */;
			compatibilityVersion = "Xcode 9.3";
			developmentRegion = en;
			hasScannedForEncodings = 0;
			knownRegions = (
				en,
				Base,
			);
			mainGroup = D02F7D9522DC5890004FE15E;
			productRefGroup = D02F7D9F22DC5890004FE15E /* Products */;
			projectDirPath = "";
			projectRoot = "";
			targets = (
				D02F7D9D22DC5890004FE15E /* RACObjC */,
			);
		};
/* End PBXProject section */

/* Begin PBXResourcesBuildPhase section */
		D02F7D9C22DC5890004FE15E /* Resources */ = {
			isa = PBXResourcesBuildPhase;
			buildActionMask = 2147483647;
			files = (
				D02F7DBB22DDB857004FE15E /* LoginViewController.xib in Resources */,
				D02F7DAE22DC5892004FE15E /* LaunchScreen.storyboard in Resources */,
				D033A14622E6A6CD00533D95 /* SeasonViewController.xib in Resources */,
				D02F7DAB22DC5892004FE15E /* Assets.xcassets in Resources */,
				D02F7DC022DDFF52004FE15E /* RGBViewController.xib in Resources */,
				D02F7DC522DF5C45004FE15E /* RequestViewController.xib in Resources */,
				D02F7DA922DC5890004FE15E /* Main.storyboard in Resources */,
				D02F7DD222E2B35E004FE15E /* MainClassViewController.xib in Resources */,
				D02F7DCA22E06A8F004FE15E /* DelegateViewController.xib in Resources */,
			);
			runOnlyForDeploymentPostprocessing = 0;
		};
/* End PBXResourcesBuildPhase section */

/* Begin PBXShellScriptBuildPhase section */
		0B70C087000E067A501EE9B4 /* [CP] Check Pods Manifest.lock */ = {
			isa = PBXShellScriptBuildPhase;
			buildActionMask = 2147483647;
			files = (
			);
			inputFileListPaths = (
			);
			inputPaths = (
				"${PODS_PODFILE_DIR_PATH}/Podfile.lock",
				"${PODS_ROOT}/Manifest.lock",
			);
			name = "[CP] Check Pods Manifest.lock";
			outputFileListPaths = (
			);
			outputPaths = (
				"$(DERIVED_FILE_DIR)/Pods-RACObjC-checkManifestLockResult.txt",
			);
			runOnlyForDeploymentPostprocessing = 0;
			shellPath = /bin/sh;
			shellScript = "diff \"${PODS_PODFILE_DIR_PATH}/Podfile.lock\" \"${PODS_ROOT}/Manifest.lock\" > /dev/null\nif [ $? != 0 ] ; then\n    # print error to STDERR\n    echo \"error: The sandbox is not in sync with the Podfile.lock. Run 'pod install' or update your CocoaPods installation.\" >&2\n    exit 1\nfi\n# This output is used by Xcode 'outputs' to avoid re-running this script phase.\necho \"SUCCESS\" > \"${SCRIPT_OUTPUT_FILE_0}\"\n";
			showEnvVarsInLog = 0;
		};
		0DE775685EED9F9B26A9B677 /* [CP] Embed Pods Frameworks */ = {
			isa = PBXShellScriptBuildPhase;
			buildActionMask = 2147483647;
			files = (
			);
			inputFileListPaths = (
			);
			inputPaths = (
				"${PODS_ROOT}/Target Support Files/Pods-RACObjC/Pods-RACObjC-frameworks.sh",
				"${BUILT_PRODUCTS_DIR}/MBProgressHUD/MBProgressHUD.framework",
				"${BUILT_PRODUCTS_DIR}/ReactiveObjC/ReactiveObjC.framework",
			);
			name = "[CP] Embed Pods Frameworks";
			outputFileListPaths = (
			);
			outputPaths = (
				"${TARGET_BUILD_DIR}/${FRAMEWORKS_FOLDER_PATH}/MBProgressHUD.framework",
				"${TARGET_BUILD_DIR}/${FRAMEWORKS_FOLDER_PATH}/ReactiveObjC.framework",
			);
			runOnlyForDeploymentPostprocessing = 0;
			shellPath = /bin/sh;
			shellScript = "\"${PODS_ROOT}/Target Support Files/Pods-RACObjC/Pods-RACObjC-frameworks.sh\"\n";
			showEnvVarsInLog = 0;
		};
/* End PBXShellScriptBuildPhase section */

/* Begin PBXSourcesBuildPhase section */
		D02F7D9A22DC5890004FE15E /* Sources */ = {
			isa = PBXSourcesBuildPhase;
			buildActionMask = 2147483647;
			files = (
				D02F7DBA22DDB857004FE15E /* LoginViewController.m in Sources */,
				D035EFF822E69048006984F4 /* DataModel.m in Sources */,
				D02F7DA622DC5890004FE15E /* ViewController.m in Sources */,
				D02F7DD022E2B2D5004FE15E /* MainClassViewController.m in Sources */,
				D02F7DC922E06A8F004FE15E /* DelegateViewController.m in Sources */,
				D035EFFB22E6905F006984F4 /* ViewModel.m in Sources */,
				D02F7DC422DF5C45004FE15E /* RequestViewController.m in Sources */,
				D02F7DBF22DDFF52004FE15E /* RGBViewController.m in Sources */,
				D02F7DB122DC5892004FE15E /* main.m in Sources */,
				D035EFFF22E691B9006984F4 /* SeasonViewController.m in Sources */,
				D02F7DCD22E06B04004FE15E /* ContentView.m in Sources */,
				D02F7DA322DC5890004FE15E /* AppDelegate.m in Sources */,
			);
			runOnlyForDeploymentPostprocessing = 0;
		};
/* End PBXSourcesBuildPhase section */

/* Begin PBXVariantGroup section */
		D02F7DA722DC5890004FE15E /* Main.storyboard */ = {
			isa = PBXVariantGroup;
			children = (
				D02F7DA822DC5890004FE15E /* Base */,
			);
			name = Main.storyboard;
			sourceTree = "<group>";
		};
		D02F7DAC22DC5892004FE15E /* LaunchScreen.storyboard */ = {
			isa = PBXVariantGroup;
			children = (
				D02F7DAD22DC5892004FE15E /* Base */,
			);
			name = LaunchScreen.storyboard;
			sourceTree = "<group>";
		};
/* End PBXVariantGroup section */

/* Begin XCBuildConfiguration section */
		D02F7DB222DC5892004FE15E /* Debug */ = {
			isa = XCBuildConfiguration;
			buildSettings = {
				ALWAYS_SEARCH_USER_PATHS = NO;
				CLANG_ANALYZER_NONNULL = YES;
				CLANG_ANALYZER_NUMBER_OBJECT_CONVERSION = YES_AGGRESSIVE;
				CLANG_CXX_LANGUAGE_STANDARD = "gnu++14";
				CLANG_CXX_LIBRARY = "libc++";
				CLANG_ENABLE_MODULES = YES;
				CLANG_ENABLE_OBJC_ARC = YES;
				CLANG_ENABLE_OBJC_WEAK = YES;
				CLANG_WARN_BLOCK_CAPTURE_AUTORELEASING = YES;
				CLANG_WARN_BOOL_CONVERSION = YES;
				CLANG_WARN_COMMA = YES;
				CLANG_WARN_CONSTANT_CONVERSION = YES;
				CLANG_WARN_DEPRECATED_OBJC_IMPLEMENTATIONS = YES;
				CLANG_WARN_DIRECT_OBJC_ISA_USAGE = YES_ERROR;
				CLANG_WARN_DOCUMENTATION_COMMENTS = YES;
				CLANG_WARN_EMPTY_BODY = YES;
				CLANG_WARN_ENUM_CONVERSION = YES;
				CLANG_WARN_INFINITE_RECURSION = YES;
				CLANG_WARN_INT_CONVERSION = YES;
				CLANG_WARN_NON_LITERAL_NULL_CONVERSION = YES;
				CLANG_WARN_OBJC_IMPLICIT_RETAIN_SELF = YES;
				CLANG_WARN_OBJC_LITERAL_CONVERSION = YES;
				CLANG_WARN_OBJC_ROOT_CLASS = YES_ERROR;
				CLANG_WARN_RANGE_LOOP_ANALYSIS = YES;
				CLANG_WARN_STRICT_PROTOTYPES = YES;
				CLANG_WARN_SUSPICIOUS_MOVE = YES;
				CLANG_WARN_UNGUARDED_AVAILABILITY = YES_AGGRESSIVE;
				CLANG_WARN_UNREACHABLE_CODE = YES;
				CLANG_WARN__DUPLICATE_METHOD_MATCH = YES;
				CODE_SIGN_IDENTITY = "iPhone Developer";
				COPY_PHASE_STRIP = NO;
				DEBUG_INFORMATION_FORMAT = dwarf;
				ENABLE_STRICT_OBJC_MSGSEND = YES;
				ENABLE_TESTABILITY = YES;
				GCC_C_LANGUAGE_STANDARD = gnu11;
				GCC_DYNAMIC_NO_PIC = NO;
				GCC_NO_COMMON_BLOCKS = YES;
				GCC_OPTIMIZATION_LEVEL = 0;
				GCC_PREPROCESSOR_DEFINITIONS = (
					"DEBUG=1",
					"$(inherited)",
				);
				GCC_WARN_64_TO_32_BIT_CONVERSION = YES;
				GCC_WARN_ABOUT_RETURN_TYPE = YES_ERROR;
				GCC_WARN_UNDECLARED_SELECTOR = YES;
				GCC_WARN_UNINITIALIZED_AUTOS = YES_AGGRESSIVE;
				GCC_WARN_UNUSED_FUNCTION = YES;
				GCC_WARN_UNUSED_VARIABLE = YES;
				IPHONEOS_DEPLOYMENT_TARGET = 12.2;
				MTL_ENABLE_DEBUG_INFO = INCLUDE_SOURCE;
				MTL_FAST_MATH = YES;
				ONLY_ACTIVE_ARCH = YES;
				SDKROOT = iphoneos;
			};
			name = Debug;
		};
		D02F7DB322DC5892004FE15E /* Release */ = {
			isa = XCBuildConfiguration;
			buildSettings = {
				ALWAYS_SEARCH_USER_PATHS = NO;
				CLANG_ANALYZER_NONNULL = YES;
				CLANG_ANALYZER_NUMBER_OBJECT_CONVERSION = YES_AGGRESSIVE;
				CLANG_CXX_LANGUAGE_STANDARD = "gnu++14";
				CLANG_CXX_LIBRARY = "libc++";
				CLANG_ENABLE_MODULES = YES;
				CLANG_ENABLE_OBJC_ARC = YES;
				CLANG_ENABLE_OBJC_WEAK = YES;
				CLANG_WARN_BLOCK_CAPTURE_AUTORELEASING = YES;
				CLANG_WARN_BOOL_CONVERSION = YES;
				CLANG_WARN_COMMA = YES;
				CLANG_WARN_CONSTANT_CONVERSION = YES;
				CLANG_WARN_DEPRECATED_OBJC_IMPLEMENTATIONS = YES;
				CLANG_WARN_DIRECT_OBJC_ISA_USAGE = YES_ERROR;
				CLANG_WARN_DOCUMENTATION_COMMENTS = YES;
				CLANG_WARN_EMPTY_BODY = YES;
				CLANG_WARN_ENUM_CONVERSION = YES;
				CLANG_WARN_INFINITE_RECURSION = YES;
				CLANG_WARN_INT_CONVERSION = YES;
				CLANG_WARN_NON_LITERAL_NULL_CONVERSION = YES;
				CLANG_WARN_OBJC_IMPLICIT_RETAIN_SELF = YES;
				CLANG_WARN_OBJC_LITERAL_CONVERSION = YES;
				CLANG_WARN_OBJC_ROOT_CLASS = YES_ERROR;
				CLANG_WARN_RANGE_LOOP_ANALYSIS = YES;
				CLANG_WARN_STRICT_PROTOTYPES = YES;
				CLANG_WARN_SUSPICIOUS_MOVE = YES;
				CLANG_WARN_UNGUARDED_AVAILABILITY = YES_AGGRESSIVE;
				CLANG_WARN_UNREACHABLE_CODE = YES;
				CLANG_WARN__DUPLICATE_METHOD_MATCH = YES;
				CODE_SIGN_IDENTITY = "iPhone Developer";
				COPY_PHASE_STRIP = NO;
				DEBUG_INFORMATION_FORMAT = "dwarf-with-dsym";
				ENABLE_NS_ASSERTIONS = NO;
				ENABLE_STRICT_OBJC_MSGSEND = YES;
				GCC_C_LANGUAGE_STANDARD = gnu11;
				GCC_NO_COMMON_BLOCKS = YES;
				GCC_WARN_64_TO_32_BIT_CONVERSION = YES;
				GCC_WARN_ABOUT_RETURN_TYPE = YES_ERROR;
				GCC_WARN_UNDECLARED_SELECTOR = YES;
				GCC_WARN_UNINITIALIZED_AUTOS = YES_AGGRESSIVE;
				GCC_WARN_UNUSED_FUNCTION = YES;
				GCC_WARN_UNUSED_VARIABLE = YES;
				IPHONEOS_DEPLOYMENT_TARGET = 12.2;
				MTL_ENABLE_DEBUG_INFO = NO;
				MTL_FAST_MATH = YES;
				SDKROOT = iphoneos;
				VALIDATE_PRODUCT = YES;
			};
			name = Release;
		};
		D02F7DB522DC5892004FE15E /* Debug */ = {
			isa = XCBuildConfiguration;
			baseConfigurationReference = 62411F5562654611B175B258 /* Pods-RACObjC.debug.xcconfig */;
			buildSettings = {
				ASSETCATALOG_COMPILER_APPICON_NAME = AppIcon;
				CODE_SIGN_STYLE = Automatic;
				DEVELOPMENT_TEAM = V49A63JU48;
				INFOPLIST_FILE = RACObjC/Info.plist;
				LD_RUNPATH_SEARCH_PATHS = (
					"$(inherited)",
					"@executable_path/Frameworks",
				);
				PRODUCT_BUNDLE_IDENTIFIER = com.qianli.RACObjC;
				PRODUCT_NAME = "$(TARGET_NAME)";
				TARGETED_DEVICE_FAMILY = "1,2";
			};
			name = Debug;
		};
		D02F7DB622DC5892004FE15E /* Release */ = {
			isa = XCBuildConfiguration;
			baseConfigurationReference = F9D6E75850D9651DDF676EAE /* Pods-RACObjC.release.xcconfig */;
			buildSettings = {
				ASSETCATALOG_COMPILER_APPICON_NAME = AppIcon;
				CODE_SIGN_STYLE = Automatic;
				DEVELOPMENT_TEAM = V49A63JU48;
				INFOPLIST_FILE = RACObjC/Info.plist;
				LD_RUNPATH_SEARCH_PATHS = (
					"$(inherited)",
					"@executable_path/Frameworks",
				);
				PRODUCT_BUNDLE_IDENTIFIER = com.qianli.RACObjC;
				PRODUCT_NAME = "$(TARGET_NAME)";
				TARGETED_DEVICE_FAMILY = "1,2";
			};
			name = Release;
		};
/* End XCBuildConfiguration section */

/* Begin XCConfigurationList section */
		D02F7D9922DC5890004FE15E /* Build configuration list for PBXProject "RACObjC" */ = {
			isa = XCConfigurationList;
			buildConfigurations = (
				D02F7DB222DC5892004FE15E /* Debug */,
				D02F7DB322DC5892004FE15E /* Release */,
			);
			defaultConfigurationIsVisible = 0;
			defaultConfigurationName = Release;
		};
		D02F7DB422DC5892004FE15E /* Build configuration list for PBXNativeTarget "RACObjC" */ = {
			isa = XCConfigurationList;
			buildConfigurations = (
				D02F7DB522DC5892004FE15E /* Debug */,
				D02F7DB622DC5892004FE15E /* Release */,
			);
			defaultConfigurationIsVisible = 0;
			defaultConfigurationName = Release;
		};
/* End XCConfigurationList section */
	};
	rootObject = D02F7D9622DC5890004FE15E /* Project object */;
}
